#show_version=6
- time: 0
  lights:
    l_jw_bathtub: '000000'
    l_jw_candle: '000000'
    l_jw_drill: '000000'
    l_jw_gears: '000000'
    l_jw_gun: '000000'
    l_jw_key: '000000'
    l_jw_syringe: '000000'
    l_jw_taperecorder: '000000'
    l_left_flipper: '00FF00'
    l_middle_disc_1: '000000'
    l_middle_disc_2: '000000'
    l_middle_disc_3: '000000'
    l_middle_disc_4: '000000'
    l_middle_disc_5: '000000'
    l_middle_disc_6: '000000'
    l_right_flipper: '00FF00'
    l_right_ramp_triangle1: '000000'
    l_right_ramp_triangle2: '000000'
    l_right_standup_right_ramp_arrow: '000000'
    l_shotgun_flasher_1: '000000'
    l_shotgun_flasher_6: '000000'
    l_shotgun_flasher_7: '000000'
    l_shotgun_flasher_8: '000000'
    l_skill_shot2: '000000'
    
#No change this frame - take another step
#  lights:
- time: '+1'
    
#No change this frame - take another step
#  lights:
- time: '+1'
    
#No change this frame - take another step
#  lights:
- time: '+1'
    
#No change this frame - take another step
#  lights:
- time: '+1'
    
#No change this frame - take another step
#  lights:
- time: '+1'
    
#No change this frame - take another step
#  lights:
- time: '+1'
    
- time: '+1'
  lights:
    l_shotgun_flasher_1: '000C00'
    l_shotgun_flasher_8: '005200'
    
- time: '+1'
  lights:
    l_shotgun_flasher_1: '000800'
    l_shotgun_flasher_6: '000C00'
    l_shotgun_flasher_7: '008F00'
    l_shotgun_flasher_8: '005B00'
    l_top_bottom_bumper_7: '00F900'
    
- time: '+1'
  lights:
    l_shotgun_flasher_1: '000500'
    l_shotgun_flasher_6: '000700'
    l_shotgun_flasher_7: '009C00'
    l_shotgun_flasher_8: '006400'
    l_top_bottom_bumper_5: '000200'
    l_top_bottom_bumper_6: '006E00'
    l_top_bottom_bumper_7: '00FD00'
    l_top_bottom_bumper_8: '00FF00'
    
- time: '+1'
  lights:
    l_shotgun_flasher_1: '000200'
    l_shotgun_flasher_6: '000200'
    l_shotgun_flasher_7: '00AA00'
    l_shotgun_flasher_8: '007000'
    l_top_bottom_bumper_5: '000000'
    l_top_bottom_bumper_6: '007900'
    l_top_bottom_bumper_7: '00FF00'
    
- time: '+1'
  lights:
    l_shotgun_flasher_1: '000000'
    l_shotgun_flasher_6: '000000'
    l_shotgun_flasher_7: '00C900'
    l_shotgun_flasher_8: '008D00'
    l_top_bottom_bumper_6: '005D00'
    l_top_bottom_bumper_9: '00FF00'
    
- time: '+1'
  lights:
    l_post_a_3: '00FF00'
    l_post_a_4: '00FF00'
    l_post_a_5: '00FF00'
    l_shotgun_flasher_7: '00D500'
    l_shotgun_flasher_8: '009900'
    l_top_bottom_bumper_1: '006F00'
    l_top_bottom_bumper_10: '00FF00'
    l_top_bottom_bumper_11: '00FF00'
    l_top_bottom_bumper_12: '00FF00'
    l_top_bottom_bumper_6: '006700'
    
- time: '+1'
  lights:
    l_post_a_1: '00FF00'
    l_post_a_2: '00FF00'
    l_post_a_6: '00FF00'
    l_post_a_7: '00FF00'
    l_post_a_8: '00FF00'
    l_post_l_1: '00FF00'
    l_post_l_2: '00FF00'
    l_post_l_3: '00FF00'
    l_post_l_4: '00FF00'
    l_post_l_5: '00FF00'
    l_post_l_6: '00FF00'
    l_post_l_7: '00FF00'
    l_post_l_8: '00FF00'
    l_right_ramp_triangle2: '00FF00'
    l_shotgun_flasher_6: '000B00'
    l_shotgun_flasher_7: '00E100'
    l_shotgun_flasher_8: '00A400'
    l_top_bottom_bumper_1: '007A00'
    l_top_bottom_bumper_6: '007000'
    
- time: '+1'
  lights:
    l_right_standup_right_ramp_arrow: '00FF00'
    l_shotgun_flasher_6: '001700'
    l_shotgun_flasher_7: '00ED00'
    l_shotgun_flasher_8: '00B000'
    l_top_bottom_bumper_1: '008300'
    l_top_bottom_bumper_6: '007900'
    
- time: '+1'
  lights:
    l_right_bottom_bumper_8: '003600'
    l_shotgun_flasher_6: '000B00'
    l_shotgun_flasher_7: '00E100'
    l_shotgun_flasher_8: '00A400'
    l_top_bottom_bumper_1: '006800'
    l_top_bottom_bumper_6: '005C00'
    
- time: '+1'
  lights:
    l_right_bottom_bumper_10: '00FF00'
    l_right_bottom_bumper_8: '004200'
    l_right_bottom_bumper_9: '00FF00'
    l_right_ramp_triangle1: '00FF00'
    l_shotgun_flasher_6: '001700'
    l_shotgun_flasher_7: '00EC00'
    l_shotgun_flasher_8: '00AF00'
    l_top_bottom_bumper_1: '007100'
    l_top_bottom_bumper_6: '006400'
    
- time: '+1'
  lights:
    l_post_f_1: '00E800'
    l_post_f_2: '009600'
    l_post_f_6: '00FF00'
    l_post_f_7: '00FF00'
    l_post_f_8: '00F700'
    l_right_bottom_bumper_11: '00FF00'
    l_right_bottom_bumper_8: '004D00'
    l_shotgun_flasher_6: '002200'
    l_shotgun_flasher_7: '00EE00'
    l_shotgun_flasher_8: '00BA00'
    l_top_bottom_bumper_1: '007B00'
    l_top_bottom_bumper_6: '006C00'
    
- time: '+1'
  lights:
    l_post_f_1: '00DE00'
    l_post_f_2: '008C00'
    l_post_f_3: '00B200'
    l_post_f_4: '00F100'
    l_post_f_5: '00FB00'
    l_right_bottom_bumper_12: '00FF00'
    l_right_bottom_bumper_13: '00FF00'
    l_right_bottom_bumper_8: '005800'
    l_shotgun_flasher_6: '002D00'
    l_shotgun_flasher_7: '00EF00'
    l_shotgun_flasher_8: '00C500'
    l_skill_shot2: '00FF00'
    l_top_bottom_bumper_1: '008300'
    l_top_bottom_bumper_6: '007300'
    
- time: '+1'
  lights:
    l_jw_key: '00FF00'
    l_left_return_lane: '005700'
    l_post_f_1: '00EE00'
    l_post_f_2: '00A500'
    l_post_f_3: '00CC00'
    l_post_f_4: '00F300'
    l_post_f_5: '00FD00'
    l_post_f_8: '00F900'
    l_right_bottom_bumper_14: '00FF00'
    l_right_bottom_bumper_15: '009600'
    l_right_bottom_bumper_8: '003C00'
    l_shotgun_flasher_6: '004900'
    l_shotgun_flasher_7: '00F100'
    l_shotgun_flasher_8: '00E000'
    l_tape_reel: '00FF00'
    l_top_bottom_bumper_1: '006600'
    l_top_bottom_bumper_6: '005400'
    
- time: '+1'
  lights:
    l_jw_gears: '00FF00'
    l_jw_gun: '00FF00'
    l_left_return_lane: '004200'
    l_post_f_1: '00ED00'
    l_post_f_2: '009B00'
    l_post_f_3: '00C100'
    l_post_f_4: '00F200'
    l_post_f_5: '00FC00'
    l_post_f_8: '00F800'
    l_post_l_4: '00FC00'
    l_right_bottom_bumper_15: '00A200'
    l_right_bottom_bumper_8: '004600'
    l_shotgun_flasher_6: '005400'
    l_shotgun_flasher_7: '00F200'
    l_shotgun_flasher_8: '00EB00'
    l_tape_speaker: '00FF00'
    l_top_bottom_bumper_1: '006E00'
    l_top_bottom_bumper_6: '005B00'
    
- time: '+1'
  lights:
    l_jw_drill: '00EE00'
    l_left_return_lane: '005200'
    l_post_e_1: '00FF00'
    l_post_e_2: '00FF00'
    l_post_e_6: '00FF00'
    l_post_e_7: '00FF00'
    l_post_e_8: '00FF00'
    l_post_f_1: '00E400'
    l_post_f_2: '009100'
    l_post_f_3: '00B700'
    l_post_f_4: '00F100'
    l_post_f_5: '00FB00'
    l_post_f_8: '00F700'
    l_post_l_3: '00FD00'
    l_post_l_4: '00FA00'
    l_right_bottom_bumper_15: '00AD00'
    l_right_bottom_bumper_8: '004F00'
    l_right_disc_8: '00FF00'
    l_shotgun_flasher_6: '005F00'
    l_shotgun_flasher_8: '00EE00'
    l_top_bottom_bumper_1: '007600'
    l_top_bottom_bumper_6: '006100'
    l_zep_flasher_7: '00FF00'
    l_zep_flasher_8: '00E400'
    
- time: '+1'
  lights:
    l_jw_drill: '00EF00'
    l_jw_syringe: '00FF00'
    l_left_return_lane: '003C00'
    l_post_e_3: '00FF00'
    l_post_e_4: '00FF00'
    l_post_e_5: '00FF00'
    l_post_f_1: '00DA00'
    l_post_f_2: '008700'
    l_post_f_3: '00AE00'
    l_post_f_4: '00F000'
    l_post_f_8: '00F600'
    l_post_l_3: '00FB00'
    l_post_l_4: '00F900'
    l_right_bottom_bumper_15: '00B800'
    l_right_bottom_bumper_8: '005800'
    l_shotgun_flasher_1: '000700'
    l_shotgun_flasher_6: '006A00'
    l_shotgun_flasher_7: '00F300'
    l_top_bottom_bumper_1: '007D00'
    l_top_bottom_bumper_6: '006700'
    l_zep_flasher_6: '00FF00'
    l_zep_flasher_8: '00D900'
    
- time: '+1'
  lights:
    l_jw_candle: '00FF00'
    l_left_disc_7: '00FF00'
    l_left_disc_8: '00F400'
    l_left_return_lane: '004E00'
    l_post_f_1: '00EE00'
    l_post_f_2: '00A200'
    l_post_f_3: '00C800'
    l_post_f_4: '00F300'
    l_post_f_5: '00FD00'
    l_post_f_8: '00F900'
    l_post_l_3: '00FD00'
    l_post_l_4: '00FA00'
    l_right_bottom_bumper_15: '009C00'
    l_right_bottom_bumper_8: '003B00'
    l_right_disc_9: '00FF00'
    l_shotgun_flasher_1: '000000'
    l_shotgun_flasher_6: '005D00'
    l_shotgun_flasher_7: '00F200'
    l_shotgun_flasher_8: '00ED00'
    l_top_bottom_bumper_1: '005D00'
    l_top_bottom_bumper_6: '004600'
    l_zep_flasher_4: '00D800'
    l_zep_flasher_5: '00FF00'
    l_zep_flasher_8: '00ED00'
    
- time: '+1'
  lights:
    l_jw_bathtub: '00FF00'
    l_jw_drill: '00F000'
    l_jw_taperecorder: '00FF00'
    l_left_disc_5: '00FF00'
    l_left_disc_6: '00FF00'
    l_left_return_lane: '004B00'
    l_post_f_1: '00ED00'
    l_post_f_2: '009A00'
    l_post_f_3: '00C000'
    l_post_f_4: '00F200'
    l_post_f_5: '00FC00'
    l_post_f_8: '00F800'
    l_post_l_3: '00FA00'
    l_post_l_4: '00F700'
    l_right_bottom_bumper_15: '00A600'
    l_right_bottom_bumper_8: '004300'
    l_right_disc_10: '00FF00'
    l_right_disc_11: '00FB00'
    l_shotgun_flasher_1: '000400'
    l_shotgun_flasher_6: '006700'
    l_shotgun_flasher_7: '00F300'
    l_shotgun_flasher_8: '00EE00'
    l_top_bottom_bumper_1: '006400'
    l_top_bottom_bumper_6: '004B00'
    l_zep_flasher_4: '00CD00'
    l_zep_flasher_8: '00E700'
    
- time: '+1'
  lights:
    l_left_disc_4: '00FF00'
    l_left_disc_8: '00F200'
    l_left_return_lane: '003500'
    l_left_standup_arrow: '009300'
    l_middle_disc_6: '00FF00'
    l_middle_disc_7: '00FF00'
    l_middle_disc_8: '00FF00'
    l_middle_disc_9: '00F700'
    l_post_f_1: '00E500'
    l_post_f_2: '009100'
    l_post_f_3: '00B700'
    l_post_f_4: '00F100'
    l_post_f_5: '00FB00'
    l_post_f_8: '00F700'
    l_post_l_2: '00FE00'
    l_post_l_3: '00F800'
    l_post_l_4: '00F600'
    l_post_l_5: '00FD00'
    l_right_bottom_bumper_15: '00AF00'
    l_right_bottom_bumper_8: '004B00'
    l_right_disc_11: '00FF00'
    l_shotgun_flasher_1: '000D00'
    l_shotgun_flasher_6: '007100'
    l_shotgun_flasher_7: '00F400'
    l_shotgun_flasher_8: '00EF00'
    l_top_bottom_bumper_1: '006A00'
    l_top_bottom_bumper_6: '005000'
    l_zep_flasher_4: '00C200'
    l_zep_flasher_8: '00DD00'
    
- time: '+1'
  lights:
    l_jw_drill: '00F100'
    l_left_disc_1: '005500'
    l_left_disc_2: '00FF00'
    l_left_disc_3: '00FF00'
    l_left_disc_8: '00F300'
    l_left_return_lane: '004600'
    l_left_standup_arrow: '009F00'
    l_middle_disc_11: '00FF00'
    l_middle_disc_12: '00FF00'
    l_middle_disc_5: '00FF00'
    l_middle_disc_9: '00F500'
    l_post_f_1: '00DD00'
    l_post_f_2: '008A00'
    l_post_f_3: '00AF00'
    l_post_l_2: '00FD00'
    l_post_l_3: '00F700'
    l_post_l_4: '00F400'
    l_post_l_5: '00FC00'
    l_right_bottom_bumper_15: '00B900'
    l_right_bottom_bumper_8: '005300'
    l_shotgun_flasher_1: '001600'
    l_shotgun_flasher_6: '007B00'
    l_shotgun_flasher_8: '00F000'
    l_top_bottom_bumper_1: '007000'
    l_top_bottom_bumper_6: '005500'
    l_zep_flasher_4: '00B800'
    l_zep_flasher_5: '00FE00'
    l_zep_flasher_8: '00D400'
    
- time: '+1'
  lights:
    l_jw_drill: '00F400'
    l_jw_syringe: '00F100'
    l_left_disc_1: '004000'
    l_left_disc_8: '00F200'
    l_left_return_lane: '003000'
    l_left_standup_arrow: '008400'
    l_middle_disc_13: '00FF00'
    l_middle_disc_2: '00FF00'
    l_middle_disc_4: '00FF00'
    l_middle_disc_9: '00F100'
    l_post_f_1: '00EE00'
    l_post_f_2: '00A600'
    l_post_f_3: '00CC00'
    l_post_f_4: '00F300'
    l_post_f_5: '00FD00'
    l_post_f_8: '00F900'
    l_post_l_2: '00FA00'
    l_post_l_3: '00F400'
    l_post_l_4: '00F200'
    l_post_l_5: '00F900'
    l_right_bottom_bumper_15: '009B00'
    l_right_bottom_bumper_8: '003300'
    l_shotgun_flasher_1: '003000'
    l_shotgun_flasher_6: '009500'
    l_shotgun_flasher_7: '00F600'
    l_shotgun_flasher_8: '00F200'
    l_top_bottom_bumper_1: '004E00'
    l_top_bottom_bumper_6: '003200'
    l_zep_flasher_4: '00D100'
    l_zep_flasher_5: '00FF00'
    l_zep_flasher_8: '00ED00'
    
- time: '+1'
  lights:
    l_jw_drill: '00F500'
    l_jw_syringe: '00E400'
    l_left_disc_1: '005100'
    l_left_disc_8: '00F300'
    l_left_return_lane: '004100'
    l_left_standup_arrow: '009000'
    l_middle_disc_1: '00FF00'
    l_middle_disc_14: '00FF00'
    l_middle_disc_3: '00FF00'
    l_middle_disc_9: '00EF00'
    l_post_f_1: '00ED00'
    l_post_f_2: '009E00'
    l_post_f_3: '00C400'
    l_post_f_4: '00F200'
    l_post_f_5: '00FC00'
    l_post_f_8: '00F800'
    l_post_l_2: '00F900'
    l_post_l_3: '00F300'
    l_post_l_4: '00F100'
    l_post_l_5: '00F800'
    l_right_bottom_bumper_15: '00A300'
    l_right_bottom_bumper_8: '003A00'
    l_right_disc_7: '000300'
    l_shotgun_flasher_1: '003900'
    l_shotgun_flasher_6: '009F00'
    l_shotgun_flasher_7: '00F700'
    l_top_bottom_bumper_1: '005400'
    l_top_bottom_bumper_6: '003600'
    l_zep_flasher_4: '00C800'
    l_zep_flasher_8: '00E600'
    
- time: '+1'
  lights:
    l_jw_drill: '00F600'
    l_jw_syringe: '00D600'
    l_left_disc_1: '003A00'
    l_left_disc_8: '00F100'
    l_left_return_lane: '002C00'
    l_left_standup_arrow: '009B00'
    l_middle_disc_10: '000200'
    l_middle_disc_15: '00FF00'
    l_middle_disc_16: '00FF00'
    l_middle_disc_9: '00ED00'
    l_post_f_1: '00EB00'
    l_post_f_2: '009800'
    l_post_f_3: '00BD00'
    l_post_l_2: '00F800'
    l_post_l_3: '00F200'
    l_post_l_4: '00F000'
    l_post_l_5: '00F700'
    l_right_bottom_bumper_15: '00AB00'
    l_right_bottom_bumper_8: '004100'
    l_right_disc_7: '001B00'
    l_shotgun_flasher_1: '004300'
    l_shotgun_flasher_6: '00A800'
    l_shotgun_flasher_7: '00F800'
    l_shotgun_flasher_8: '00F300'
    l_top_bottom_bumper_1: '005800'
    l_top_bottom_bumper_6: '003900'
    l_zep_flasher_4: '00BF00'
    l_zep_flasher_5: '00FE00'
    l_zep_flasher_8: '00DD00'
    
- time: '+1'
  lights:
    l_jw_drill: '00F800'
    l_jw_syringe: '00B700'
    l_left_disc_1: '005F00'
    l_left_disc_8: '00F400'
    l_left_return_lane: '005000'
    l_left_standup_arrow: '00A500'
    l_middle_disc_10: '000000'
    l_middle_disc_9: '00C300'
    l_post_f_1: '00E600'
    l_post_f_2: '009100'
    l_post_f_3: '00B600'
    l_post_f_4: '00F100'
    l_post_f_5: '00FB00'
    l_post_f_8: '00F700'
    l_post_l_2: '00F500'
    l_post_l_3: '00F000'
    l_post_l_4: '00ED00'
    l_post_l_5: '00F500'
    l_right_bottom_bumper_15: '00B300'
    l_right_bottom_bumper_8: '004700'
    l_right_disc_7: '004600'
    l_shotgun_flasher_1: '005C00'
    l_shotgun_flasher_6: '00C200'
    l_shotgun_flasher_7: '00FA00'
    l_shotgun_flasher_8: '00F500'
    l_top_bottom_bumper_1: '005D00'
    l_top_bottom_bumper_6: '003C00'
    l_zep_flasher_4: '00B500'
    l_zep_flasher_8: '00D500'
    
