#show_version=6
- time: 0
#No change this frame - take another step
#  lights:
- time: '+1'
    
#No change this frame - take another step
#  lights:
- time: '+1'
    
#No change this frame - take another step
#  lights:
- time: '+1'
    
#No change this frame - take another step
#  lights:
- time: '+1'
    
- time: '+1'
  lights:
    l_trough_3: '005100'
    l_trough_4: '00AD00'
    l_trough_5: '003E00'
    
- time: '+1'
  lights:
    l_hmb_lock_1: '00D800'
    l_trough_1: '00FD00'
    l_trough_2: '00FD00'
    l_trough_3: '00FD00'
    l_trough_4: '00FD00'
    l_trough_5: '00FD00'
    l_trough_6: '00FD00'
    l_trough_7: '007400'
    
- time: '+1'
  lights:
    l_hmb_lock_1: '00FD00'
    l_hmb_lock_2: '008A00'
    l_trough_7: '00FD00'
    l_trough_8: '00FD00'
    
- time: '+1'
  lights:
    l_hmb_lock_1: '00AB00'
    l_hmb_lock_2: '00FD00'
    l_trough_1: '000000'
    l_trough_2: '000000'
    l_trough_3: '000000'
    l_trough_4: '000000'
    l_trough_5: '000000'
    l_trough_6: '004B00'
    
- time: '+1'
  lights:
    l_hmb_lock_1: '000000'
    l_hmb_lock_3: '00FD00'
    l_live_again: '004900'
    l_trough_6: '000000'
    l_trough_7: '000000'
    l_trough_8: '000000'
    
- time: '+1'
  lights:
    l_hmb_lock_2: '000000'
    l_live_again: '00FD00'
    
- time: '+1'
  lights:
    l_hmb_lock_3: '000000'
    l_live_again: '00E000'
    
- time: '+1'
  lights:
    l_live_again: '000000'
    
- time: '+1'
  lights:
    l_beartrap_mode: '00FD00'
    l_drillchair_mode: '00FD00'
    l_jelly_mode: '006400'
    l_trough_1: '006400'
    l_trough_2: '00AE00'
    l_trough_3: '00F200'
    l_trough_4: '00FD00'
    l_trough_5: '00EB00'
    l_zeptest_mode: '00FD00'
    
- time: '+1'
  lights:
    l_hmb_lock_1: '00FD00'
    l_jelly_mode: '00FD00'
    l_left_escape: '00FD00'
    l_quadshotgun_mode: '00FD00'
    l_trough_1: '00FD00'
    l_trough_2: '00FD00'
    l_trough_3: '00FD00'
    l_trough_5: '00FD00'
    l_trough_6: '00FD00'
    l_trough_7: '00FD00'
    l_trough_8: '007B00'
    
- time: '+1'
  lights:
    l_beartrap_mode: '000000'
    l_drillchair_mode: '000000'
    l_hmb_lock_2: '00FD00'
    l_jelly_mode: '004E00'
    l_left_escape: '00CD00'
    l_razorwire_mode: '00FD00'
    l_trough_3: '00EB00'
    l_trough_4: '00B400'
    l_trough_8: '00FD00'
    l_zeptest_mode: '000000'
    
- time: '+1'
  lights:
    l_hmb_lock_1: '000300'
    l_hmb_lock_3: '00FD00'
    l_jelly_mode: '000000'
    l_left_escape: '000000'
    l_quadshotgun_mode: '000000'
    l_razorwire_mode: '00E000'
    l_trough_1: '000000'
    l_trough_2: '000000'
    l_trough_3: '000000'
    l_trough_4: '000000'
    l_trough_5: '000000'
    l_trough_6: '000100'
    l_trough_7: '00D900'
    
- time: '+1'
  lights:
    l_hmb_lock_1: '000000'
    l_hmb_lock_2: '00DD00'
    l_live_again: '00EA00'
    l_razorwire_mode: '000000'
    l_trough_6: '000000'
    l_trough_7: '000000'
    l_trough_8: '000000'
    
- time: '+1'
  lights:
    l_hmb_lock_2: '000000'
    l_left_return_lane: '00FD00'
    l_live_again: '00FD00'
    
- time: '+1'
  lights:
    l_hmb_lock_3: '000000'
    l_live_again: '009C00'
    l_right_escape: '00FD00'
    
- time: '+1'
  lights:
    l_left_return_lane: '000000'
    l_live_again: '000000'
    l_right_escape: '003100'
    
- time: '+1'
  lights:
    l_beartrap_mode: '00FD00'
    l_drillchair_mode: '00FD00'
    l_jelly_mode: '00CA00'
    l_left_disc_8: '00FD00'
    l_left_disc_9: '000A00'
    l_right_escape: '000000'
    l_zeptest_mode: '00FD00'
    
- time: '+1'
  lights:
    l_jelly_mode: '00FD00'
    l_left_bottom_bumper_1: '001C00'
    l_left_bottom_bumper_16: '019600'
    l_left_disc_10: '01FD00'
    l_left_disc_6: '01FD00'
    l_left_disc_7: '01FD00'
    l_left_disc_8: '01FD00'
    l_left_disc_9: '01FD00'
    l_left_escape: '00FD00'
    l_quadshotgun_mode: '00FD00'
    l_trough_4: '004400'
    
- time: '+1'
  lights:
    l_beartrap_mode: '000000'
    l_drillchair_mode: '000000'
    l_hmb_lock_1: '006200'
    l_jelly_mode: '001800'
    l_left_bottom_bumper_1: '01FD00'
    l_left_bottom_bumper_13: '01FD00'
    l_left_bottom_bumper_14: '01FD00'
    l_left_bottom_bumper_15: '01FD00'
    l_left_bottom_bumper_16: '01FD00'
    l_left_bottom_bumper_2: '01FD00'
    l_left_bottom_bumper_3: '01FD00'
    l_left_disc_10: '003E00'
    l_left_disc_11: '01FD00'
    l_left_disc_5: '01FD00'
    l_left_disc_7: '000000'
    l_left_disc_8: '000000'
    l_left_disc_9: '000000'
    l_left_escape: '00F000'
    l_mystery_scoop: '01FD00'
    l_razorwire_mode: '00FD00'
    l_trough_1: '00FD00'
    l_trough_2: '00FD00'
    l_trough_3: '00FD00'
    l_trough_4: '00FD00'
    l_trough_5: '00FD00'
    l_trough_6: '00F100'
    l_zeptest_mode: '000000'
    
- time: '+1'
  lights:
    l_hmb_lock_1: '00FD00'
    l_jelly_mode: '000000'
    l_left_bottom_bumper_1: '000000'
    l_left_bottom_bumper_11: '01FD00'
    l_left_bottom_bumper_12: '01FD00'
    l_left_bottom_bumper_14: '000000'
    l_left_bottom_bumper_15: '000000'
    l_left_bottom_bumper_16: '000000'
    l_left_bottom_bumper_2: '000000'
    l_left_bottom_bumper_3: '01C700'
    l_left_bottom_bumper_4: '01FD00'
    l_left_bottom_bumper_5: '01FD00'
    l_left_disc_1: '01FD00'
    l_left_disc_10: '000000'
    l_left_disc_11: '000000'
    l_left_disc_12: '01FD00'
    l_left_disc_2: '005700'
    l_left_disc_3: '01FD00'
    l_left_disc_4: '01FD00'
    l_left_disc_5: '004200'
    l_left_disc_6: '000000'
    l_left_escape: '000000'
    l_middle_disc_10: '01FD00'
    l_middle_disc_11: '01FD00'
    l_middle_disc_12: '001300'
    l_middle_disc_8: '003400'
    l_middle_disc_9: '01FD00'
    l_mystery_scoop: '000000'
    l_quadshotgun_mode: '000000'
    l_right_disc_5: '006C00'
    l_right_disc_6: '01FD00'
    l_right_disc_7: '01FD00'
    l_right_disc_8: '01FD00'
    l_right_disc_9: '01FD00'
    l_trough_6: '00FD00'
    l_trough_7: '00FD00'
    l_trough_8: '00FD00'
    
- time: '+1'
  lights:
    l_hmb_lock_2: '00FD00'
    l_left_bottom_bumper_10: '01FD00'
    l_left_bottom_bumper_11: '019300'
    l_left_bottom_bumper_12: '000000'
    l_left_bottom_bumper_13: '000000'
    l_left_bottom_bumper_3: '000000'
    l_left_bottom_bumper_4: '000000'
    l_left_bottom_bumper_5: '01E800'
    l_left_bottom_bumper_6: '01FD00'
    l_left_bottom_bumper_7: '01FD00'
    l_left_bottom_bumper_8: '01FD00'
    l_left_bottom_bumper_9: '01FD00'
    l_left_disc_12: '000000'
    l_left_disc_2: '01FD00'
    l_left_disc_3: '01FB00'
    l_left_disc_4: '000000'
    l_left_disc_5: '000000'
    l_middle_disc_10: '000000'
    l_middle_disc_12: '01FD00'
    l_middle_disc_13: '01FD00'
    l_middle_disc_7: '01FD00'
    l_middle_disc_8: '01FD00'
    l_middle_disc_9: '003E00'
    l_razorwire_mode: '000000'
    l_right_disc_10: '01FD00'
    l_right_disc_4: '01FD00'
    l_right_disc_5: '01FD00'
    l_right_disc_6: '000000'
    l_right_disc_7: '000000'
    l_right_disc_8: '000000'
    l_trough_1: '00D200'
    l_trough_2: '006000'
    l_trough_3: '000000'
    l_trough_4: '000000'
    l_trough_5: '002500'
    l_trough_6: '00EE00'
    
- time: '+1'
  lights:
    l_drill_flasher_6: '01FD00'
    l_drill_flasher_7: '01FD00'
    l_drill_flasher_8: '018B00'
    l_hmb_lock_1: '000000'
    l_hmb_lock_3: '00FD00'
    l_left_bottom_bumper_10: '000000'
    l_left_bottom_bumper_11: '000000'
    l_left_bottom_bumper_5: '000000'
    l_left_bottom_bumper_6: '000000'
    l_left_bottom_bumper_7: '000000'
    l_left_bottom_bumper_8: '000000'
    l_left_bottom_bumper_9: '000000'
    l_left_disc_1: '000000'
    l_left_disc_2: '000000'
    l_left_disc_3: '000000'
    l_left_loop_arrow: '01FD00'
    l_left_return_lane: '00FD00'
    l_middle_disc_11: '000000'
    l_middle_disc_12: '000000'
    l_middle_disc_13: '000000'
    l_middle_disc_14: '01FD00'
    l_middle_disc_5: '007600'
    l_middle_disc_6: '01FD00'
    l_middle_disc_7: '000000'
    l_middle_disc_8: '000000'
    l_middle_disc_9: '000000'
    l_right_disc_10: '000000'
    l_right_disc_11: '01FD00'
    l_right_disc_3: '01FD00'
    l_right_disc_4: '002600'
    l_right_disc_5: '000000'
    l_right_disc_9: '000000'
    l_trough_1: '000000'
    l_trough_2: '000000'
    l_trough_5: '000000'
    l_trough_6: '000000'
    l_trough_7: '000000'
    l_trough_8: '000000'
    
- time: '+1'
  lights:
    l_drill_flasher_1: '01FD00'
    l_drill_flasher_4: '01FD00'
    l_drill_flasher_5: '01FD00'
    l_drill_flasher_6: '000000'
    l_drill_flasher_7: '000000'
    l_drill_flasher_8: '01FD00'
    l_hmb_lock_2: '000000'
    l_left_loop_arrow: '000000'
    l_left_standup_arrow: '001A00'
    l_live_again: '00FD00'
    l_middle_disc_14: '000000'
    l_middle_disc_15: '01FD00'
    l_middle_disc_16: '01FD00'
    l_middle_disc_4: '01FD00'
    l_middle_disc_5: '01FD00'
    l_middle_disc_6: '000000'
    l_mode_scoop: '01FD00'
    l_right_bottom_bumper_2: '01EF00'
    l_right_bottom_bumper_3: '01FD00'
    l_right_bottom_bumper_4: '01FD00'
    l_right_bottom_bumper_5: '01FD00'
    l_right_disc_1: '01FD00'
    l_right_disc_11: '000000'
    l_right_disc_12: '01FD00'
    l_right_disc_2: '01FD00'
    l_right_disc_3: '000000'
    l_right_disc_4: '000000'
    l_right_escape: '00FD00'
    l_right_standup_arrow: '01C600'
    
- time: '+1'
  lights:
    l_drill_flasher_1: '000000'
    l_drill_flasher_2: '01FD00'
    l_drill_flasher_3: '01FD00'
    l_drill_flasher_4: '000000'
    l_drill_flasher_5: '000000'
    l_drill_flasher_8: '000000'
    l_hmb_lock_3: '000000'
    l_left_return_lane: '000000'
    l_left_standup_arrow: '01FD00'
    l_middle_disc_1: '01FD00'
    l_middle_disc_15: '000000'
    l_middle_disc_16: '01A900'
    l_middle_disc_2: '01FD00'
    l_middle_disc_3: '01FD00'
    l_middle_disc_4: '001900'
    l_middle_disc_5: '000000'
    l_mode_scoop: '000A00'
    l_right_bottom_bumper_1: '01FD00'
    l_right_bottom_bumper_16: '01FD00'
    l_right_bottom_bumper_2: '000000'
    l_right_bottom_bumper_3: '000000'
    l_right_bottom_bumper_4: '000000'
    l_right_bottom_bumper_5: '000000'
    l_right_bottom_bumper_6: '01FD00'
    l_right_bottom_bumper_7: '01FD00'
    l_right_bottom_bumper_8: '002700'
    l_right_disc_1: '000000'
    l_right_disc_12: '000000'
    l_right_disc_2: '000000'
    l_right_escape: '00E300'
    l_right_standup_arrow: '01A500'
    l_top_bottom_bumper_1: '01F700'
    l_top_bottom_bumper_2: '01FD00'
    l_top_bottom_bumper_3: '01FD00'
    l_top_bottom_bumper_4: '01FD00'
    l_top_bottom_bumper_5: '01FD00'
    l_top_bottom_bumper_6: '01FD00'
    l_top_bottom_bumper_7: '01FD00'
    
- time: '+1'
  lights:
    l_drill_flasher_2: '000000'
    l_drill_flasher_3: '000000'
    l_left_disc_8: '001800'
    l_left_standup_arrow: '000000'
    l_live_again: '000000'
    l_middle_disc_1: '000000'
    l_middle_disc_16: '000000'
    l_middle_disc_2: '000000'
    l_middle_disc_3: '000000'
    l_middle_disc_4: '000000'
    l_mode_scoop: '000000'
    l_right_bottom_bumper_1: '000000'
    l_right_bottom_bumper_10: '01DC00'
    l_right_bottom_bumper_13: '01A800'
    l_right_bottom_bumper_14: '01FD00'
    l_right_bottom_bumper_15: '01FD00'
    l_right_bottom_bumper_16: '000000'
    l_right_bottom_bumper_6: '000000'
    l_right_bottom_bumper_7: '000000'
    l_right_bottom_bumper_8: '01FD00'
    l_right_bottom_bumper_9: '01FD00'
    l_right_escape: '000000'
    l_right_standup_arrow: '000000'
    l_top_bottom_bumper_1: '000000'
    l_top_bottom_bumper_2: '000000'
    l_top_bottom_bumper_3: '000000'
    l_top_bottom_bumper_4: '000000'
    l_top_bottom_bumper_5: '000000'
    l_top_bottom_bumper_6: '000000'
    l_top_bottom_bumper_7: '000000'
    l_top_bottom_bumper_8: '01FD00'
    l_top_bottom_bumper_9: '01FD00'
    
- time: '+1'
  lights:
    l_beartrap_mode: '00FD00'
    l_drillchair_mode: '00EB00'
    l_jw_taperecorder: '01FD00'
    l_left_disc_10: '00FD00'
    l_left_disc_6: '002600'
    l_left_disc_7: '00FD00'
    l_left_disc_8: '00FD00'
    l_left_disc_9: '00FD00'
    l_right_bottom_bumper_10: '000000'
    l_right_bottom_bumper_11: '01FD00'
    l_right_bottom_bumper_12: '01FD00'
    l_right_bottom_bumper_13: '000000'
    l_right_bottom_bumper_14: '000000'
    l_right_bottom_bumper_15: '000000'
    l_right_bottom_bumper_8: '000000'
    l_right_bottom_bumper_9: '000000'
    l_tape_speaker: '01FD00'
    l_top_bottom_bumper_10: '01FD00'
    l_top_bottom_bumper_11: '01FD00'
    l_top_bottom_bumper_12: '01FD00'
    l_top_bottom_bumper_8: '000000'
    l_top_bottom_bumper_9: '000000'
    l_zeptest_mode: '007000'
    
- time: '+1'
  lights:
    l_drillchair_mode: '00FD00'
    l_jelly_mode: '00FD00'
    l_jw_bathtub: '01FB00'
    l_jw_candle: '01FD00'
    l_jw_taperecorder: '000000'
    l_left_bottom_bumper_1: '01FD00'
    l_left_bottom_bumper_14: '01FD00'
    l_left_bottom_bumper_15: '01FD00'
    l_left_bottom_bumper_16: '01FD00'
    l_left_bottom_bumper_2: '01FD00'
    l_left_bottom_bumper_3: '001C00'
    l_left_disc_10: '01DC00'
    l_left_disc_11: '01FD00'
    l_left_disc_5: '01FD00'
    l_left_disc_6: '01FD00'
    l_left_disc_7: '000C00'
    l_left_disc_8: '000000'
    l_left_disc_9: '000000'
    l_left_escape: '00FD00'
    l_left_top_bumper_4: '01BB00'
    l_left_top_bumper_5: '01FD00'
    l_left_top_bumper_6: '01FD00'
    l_left_top_bumper_7: '01FD00'
    l_mystery_scoop: '01FD00'
    l_quadshotgun_mode: '003C00'
    l_right_bottom_bumper_11: '000000'
    l_right_bottom_bumper_12: '000000'
    l_tape_reel: '01FD00'
    l_tape_speaker: '000000'
    l_top_bottom_bumper_10: '000000'
    l_top_bottom_bumper_11: '000000'
    l_top_bottom_bumper_12: '000000'
    l_zep_flasher_5: '01FD00'
    l_zep_flasher_6: '01FD00'
    l_zeptest_mode: '00FD00'
    
- time: '+1'
  lights:
    l_beartrap_mode: '007A00'
    l_drillchair_mode: '002C00'
    l_jw_bathtub: '000000'
    l_jw_candle: '000000'
    l_jw_drill: '01FD00'
    l_jw_syringe: '01FD00'
    l_left_bottom_bumper_1: '000000'
    l_left_bottom_bumper_11: '001E00'
    l_left_bottom_bumper_12: '01FD00'
    l_left_bottom_bumper_13: '01FD00'
    l_left_bottom_bumper_15: '000000'
    l_left_bottom_bumper_16: '000000'
    l_left_bottom_bumper_3: '01FD00'
    l_left_bottom_bumper_4: '01FD00'
    l_left_disc_1: '019700'
    l_left_disc_10: '000000'
    l_left_disc_11: '000000'
    l_left_disc_12: '01FD00'
    l_left_disc_3: '002B00'
    l_left_disc_4: '01FD00'
    l_left_disc_6: '000000'
    l_left_disc_7: '000000'
    l_left_top_bumper_2: '019800'
    l_left_top_bumper_3: '01FD00'
    l_left_top_bumper_4: '000000'
    l_left_top_bumper_5: '000000'
    l_left_top_bumper_6: '000000'
    l_left_top_bumper_7: '000000'
    l_left_top_bumper_8: '01FD00'
    l_left_top_bumper_9: '01FD00'
    l_middle_disc_10: '01FD00'
    l_middle_disc_11: '01D300'
    l_middle_disc_9: '01F900'
    l_mystery_scoop: '000000'
    l_quadshotgun_mode: '00FD00'
    l_razorwire_mode: '00FD00'
    l_right_disc_6: '01FD00'
    l_right_disc_7: '01FD00'
    l_right_disc_8: '01FD00'
    l_right_disc_9: '005600'
    l_skill_shot1: '01FD00'
    l_tape_reel: '000000'
    l_zep_flasher_1: '006A00'
    l_zep_flasher_3: '01FD00'
    l_zep_flasher_4: '01C000'
    l_zep_flasher_5: '000000'
    l_zep_flasher_6: '000000'
    l_zep_flasher_7: '001100'
    l_zep_flasher_8: '01FD00'
    l_zeptest_mode: '006500'
    
- time: '+1'
  lights:
    l_beartrap_mode: '000000'
    l_drillchair_mode: '000000'
    l_jelly_mode: '000000'
    l_jw_drill: '000000'
    l_jw_gears: '01FD00'
    l_jw_gun: '01FD00'
    l_jw_syringe: '000000'
    l_left_bottom_bumper_10: '01FD00'
    l_left_bottom_bumper_11: '01FD00'
    l_left_bottom_bumper_12: '006400'
    l_left_bottom_bumper_13: '000000'
    l_left_bottom_bumper_14: '000000'
    l_left_bottom_bumper_2: '000000'
    l_left_bottom_bumper_3: '000000'
    l_left_bottom_bumper_4: '019300'
    l_left_bottom_bumper_5: '01FD00'
    l_left_bottom_bumper_6: '01FD00'
    l_left_bottom_bumper_7: '01FD00'
    l_left_bottom_bumper_8: '01C300'
    l_left_bottom_bumper_9: '01FD00'
    l_left_disc_1: '01FD00'
    l_left_disc_12: '000000'
    l_left_disc_2: '01FD00'
    l_left_disc_3: '01FD00'
    l_left_disc_4: '000000'
    l_left_disc_5: '000000'
    l_left_escape: '000000'
    l_left_ramp_triangle3: '01D600'
    l_left_top_bumper_1: '01FD00'
    l_left_top_bumper_10: '019800'
    l_left_top_bumper_11: '01FD00'
    l_left_top_bumper_16: '001600'
    l_left_top_bumper_2: '000000'
    l_left_top_bumper_3: '000000'
    l_left_top_bumper_8: '000000'
    l_left_top_bumper_9: '000000'
    l_middle_disc_11: '01FD00'
    l_middle_disc_12: '01FD00'
    l_middle_disc_13: '01FD00'
    l_middle_disc_7: '01EC00'
    l_middle_disc_8: '01FD00'
    l_middle_disc_9: '01FD00'
    l_quadshotgun_mode: '003D00'
    l_right_disc_10: '01FD00'
    l_right_disc_4: '000A00'
    l_right_disc_5: '01FD00'
    l_right_disc_7: '000000'
    l_right_disc_8: '000000'
    l_right_disc_9: '01FD00'
    l_skill_shot1: '000000'
    l_zep_flasher_1: '000000'
    l_zep_flasher_3: '000000'
    l_zep_flasher_4: '000000'
    l_zep_flasher_7: '000000'
    l_zep_flasher_8: '000000'
    l_zeptest_mode: '000000'
    
- time: '+1'
  lights:
    l_drill_flasher_6: '004400'
    l_drill_flasher_7: '018500'
    l_jw_gears: '000000'
    l_jw_gun: '000000'
    l_left_bottom_bumper_10: '000000'
    l_left_bottom_bumper_11: '000000'
    l_left_bottom_bumper_12: '000000'
    l_left_bottom_bumper_4: '000000'
    l_left_bottom_bumper_5: '000000'
    l_left_bottom_bumper_6: '006300'
    l_left_bottom_bumper_8: '01FD00'
    l_left_disc_1: '000000'
    l_left_disc_2: '000000'
    l_left_disc_3: '000000'
    l_left_loop_arrow: '01FD00'
    l_left_ramp_triangle3: '000000'
    l_left_top_bumper_1: '000000'
    l_left_top_bumper_10: '000000'
    l_left_top_bumper_11: '000000'
    l_left_top_bumper_13: '007800'
    l_left_top_bumper_14: '01FC00'
    l_left_top_bumper_15: '018200'
    l_left_top_bumper_16: '000000'
    l_middle_disc_10: '000000'
    l_middle_disc_11: '000000'
    l_middle_disc_12: '000000'
    l_middle_disc_13: '01F400'
    l_middle_disc_14: '01FD00'
    l_middle_disc_6: '01FD00'
    l_middle_disc_7: '01FC00'
    l_middle_disc_8: '000000'
    l_middle_disc_9: '000000'
    l_quadshotgun_mode: '000000'
    l_razorwire_mode: '000000'
    l_right_disc_11: '01FD00'
    l_right_disc_3: '000600'
    l_right_disc_4: '01FD00'
    l_right_disc_5: '000000'
    l_right_disc_6: '000000'
    l_right_disc_9: '000000'
    l_skill_shot2: '000900'
    l_skill_shot3: '003000'
    
- time: '+1'
  lights:
    l_drill_flasher_5: '01FD00'
    l_drill_flasher_6: '01FD00'
    l_drill_flasher_7: '01FD00'
    l_drill_flasher_8: '01FD00'
    l_inner_loop_arrow: '01FD00'
    l_left_bottom_bumper_6: '000000'
    l_left_bottom_bumper_7: '000000'
    l_left_bottom_bumper_8: '000000'
    l_left_bottom_bumper_9: '000000'
    l_left_loop_arrow: '000000'
    l_left_ramp_triangle2: '005F00'
    l_left_top_bumper_13: '000000'
    l_left_top_bumper_14: '000000'
    l_left_top_bumper_15: '000000'
    l_middle_disc_13: '000000'
    l_middle_disc_14: '000000'
    l_middle_disc_15: '01FD00'
    l_middle_disc_5: '01FD00'
    l_middle_disc_6: '002A00'
    l_middle_disc_7: '000000'
    l_razorwire_flasher_6: '01FD00'
    l_razorwire_flasher_7: '01FD00'
    l_razorwire_flasher_8: '01FD00'
    l_right_disc_1: '01FD00'
    l_right_disc_10: '000000'
    l_right_disc_11: '01FB00'
    l_right_disc_12: '01FD00'
    l_right_disc_2: '01F900'
    l_right_disc_3: '01FD00'
    l_right_disc_4: '000000'
    l_skill_shot2: '000000'
    l_skill_shot3: '000000'
    
- time: '+1'
  lights:
    l_bear_flasher_6: '007000'
    l_bear_flasher_7: '001500'
    l_drill_flasher_1: '01FD00'
    l_drill_flasher_2: '01FD00'
    l_drill_flasher_3: '01FD00'
    l_drill_flasher_4: '01FD00'
    l_drill_flasher_5: '000000'
    l_drill_flasher_6: '000000'
    l_drill_flasher_7: '000000'
    l_drill_flasher_8: '000000'
    l_inner_loop_arrow: '000000'
    l_left_ramp_triangle2: '000000'
    l_left_return_lane: '00FD00'
    l_left_standup_arrow: '01FD00'
    l_lower_top_bumper_5: '000800'
    l_lower_top_bumper_6: '000800'
    l_middle_disc_1: '01FD00'
    l_middle_disc_15: '000000'
    l_middle_disc_16: '01FD00'
    l_middle_disc_2: '01FD00'
    l_middle_disc_3: '01FD00'
    l_middle_disc_4: '01FD00'
    l_middle_disc_5: '000000'
    l_middle_disc_6: '000000'
    l_mode_scoop: '01FD00'
    l_razorwire_flasher_2: '01FD00'
    l_razorwire_flasher_5: '01FD00'
    l_razorwire_flasher_6: '000000'
    l_razorwire_flasher_7: '000000'
    l_razorwire_flasher_8: '000000'
    l_right_bottom_bumper_1: '01FD00'
    l_right_bottom_bumper_16: '002800'
    l_right_bottom_bumper_2: '01FD00'
    l_right_bottom_bumper_3: '01FD00'
    l_right_bottom_bumper_4: '01FD00'
    l_right_bottom_bumper_5: '01FD00'
    l_right_bottom_bumper_6: '01FD00'
    l_right_bottom_bumper_7: '002F00'
    l_right_disc_1: '01A700'
    l_right_disc_11: '000000'
    l_right_disc_12: '000000'
    l_right_disc_2: '004900'
    l_right_disc_3: '000000'
    l_right_escape: '00FD00'
    l_right_ramp_triangle1: '000100'
    l_right_standup_arrow: '01FD00'
    l_right_top_bumper_10: '007200'
    l_right_top_bumper_3: '000200'
    l_right_top_bumper_4: '01FD00'
    l_right_top_bumper_5: '000200'
    l_right_top_bumper_9: '01FD00'
    l_top_bottom_bumper_2: '01F700'
    l_top_bottom_bumper_3: '01FD00'
    l_top_bottom_bumper_4: '01FD00'
    l_top_bottom_bumper_5: '01FD00'
    l_top_bottom_bumper_6: '01FD00'
    
- time: '+1'
  lights:
    l_bear_flasher_1: '000300'
    l_bear_flasher_6: '000000'
    l_bear_flasher_7: '000000'
    l_bear_flasher_8: '003600'
    l_drill_flasher_1: '000000'
    l_drill_flasher_2: '000000'
    l_drill_flasher_3: '000000'
    l_drill_flasher_4: '000000'
    l_left_return_lane: '000000'
    l_left_standup_arrow: '000000'
    l_lower_top_bumper_2: '01F500'
    l_lower_top_bumper_3: '01F900'
    l_lower_top_bumper_5: '000000'
    l_lower_top_bumper_6: '000000'
    l_lower_top_bumper_7: '000200'
    l_lower_top_bumper_8: '01FD00'
    l_middle_disc_1: '000000'
    l_middle_disc_16: '000000'
    l_middle_disc_2: '01B400'
    l_middle_disc_3: '000000'
    l_middle_disc_4: '000000'
    l_mode_scoop: '000000'
    l_razorwire_flasher_2: '000000'
    l_razorwire_flasher_5: '000000'
    l_right_bottom_bumper_1: '000000'
    l_right_bottom_bumper_14: '005100'
    l_right_bottom_bumper_15: '01FD00'
    l_right_bottom_bumper_16: '01FD00'
    l_right_bottom_bumper_2: '000000'
    l_right_bottom_bumper_3: '000000'
    l_right_bottom_bumper_4: '000000'
    l_right_bottom_bumper_5: '000000'
    l_right_bottom_bumper_6: '000000'
    l_right_bottom_bumper_7: '01FD00'
    l_right_bottom_bumper_8: '01FD00'
    l_right_disc_1: '000000'
    l_right_disc_2: '000000'
    l_right_loop_arrow: '01FA00'
    l_right_ramp_triangle1: '000000'
    l_right_standup_arrow: '000000'
    l_right_standup_right_ramp_arrow: '01F200'
    l_right_top_bumper_10: '000000'
    l_right_top_bumper_11: '01F800'
    l_right_top_bumper_12: '000300'
    l_right_top_bumper_2: '01FD00'
    l_right_top_bumper_3: '000000'
    l_right_top_bumper_4: '000000'
    l_right_top_bumper_5: '000000'
    l_right_top_bumper_9: '000000'
    l_top_bottom_bumper_1: '01FD00'
    l_top_bottom_bumper_2: '01BC00'
    l_top_bottom_bumper_3: '000000'
    l_top_bottom_bumper_4: '000000'
    l_top_bottom_bumper_5: '000000'
    l_top_bottom_bumper_6: '002600'
    l_top_bottom_bumper_7: '01FD00'
    l_top_bottom_bumper_8: '01FD00'
    l_top_drop1: '004D00'
    
- time: '+1'
  lights:
    l_bear_flasher_1: '000000'
    l_bear_flasher_2: '01FD00'
    l_bear_flasher_3: '01FD00'
    l_bear_flasher_8: '000000'
    l_left_standup_right_ramp_arrow: '01FD00'
    l_lower_top_bumper_10: '01FD00'
    l_lower_top_bumper_16: '01E100'
    l_lower_top_bumper_2: '000000'
    l_lower_top_bumper_3: '000000'
    l_lower_top_bumper_7: '000000'
    l_lower_top_bumper_8: '000000'
    l_middle_disc_2: '000000'
    l_right_bottom_bumper_10: '01FD00'
    l_right_bottom_bumper_11: '01FD00'
    l_right_bottom_bumper_12: '01FD00'
    l_right_bottom_bumper_13: '01FD00'
    l_right_bottom_bumper_14: '01FD00'
    l_right_bottom_bumper_15: '000000'
    l_right_bottom_bumper_16: '000000'
    l_right_bottom_bumper_7: '000000'
    l_right_bottom_bumper_8: '000000'
    l_right_bottom_bumper_9: '01FD00'
    l_right_escape: '000000'
    l_right_loop_arrow: '000000'
    l_right_standup_right_ramp_arrow: '000000'
    l_right_top_bumper_11: '000000'
    l_right_top_bumper_12: '000000'
    l_right_top_bumper_13: '007300'
    l_right_top_bumper_14: '01FD00'
    l_right_top_bumper_15: '01FD00'
    l_right_top_bumper_16: '001400'
    l_right_top_bumper_2: '000000'
    l_tape_speaker: '01FD00'
    l_top_bottom_bumper_1: '000000'
    l_top_bottom_bumper_10: '01FD00'
    l_top_bottom_bumper_2: '000000'
    l_top_bottom_bumper_6: '000000'
    l_top_bottom_bumper_7: '000000'
    l_top_bottom_bumper_8: '000000'
    l_top_bottom_bumper_9: '01FD00'
    l_top_drop1: '000000'
    l_top_drop2: '01F700'
    
- time: '+1'
  lights:
    l_bear_flasher_2: '000000'
    l_bear_flasher_3: '000000'
    l_jw_bathtub: '01FD00'
    l_jw_candle: '01FD00'
    l_jw_taperecorder: '01FD00'
    l_left_disc_10: '005000'
    l_left_disc_7: '00FD00'
    l_left_disc_8: '00FD00'
    l_left_disc_9: '00FD00'
    l_left_standup_right_ramp_arrow: '000000'
    l_lower_top_bumper_10: '000000'
    l_lower_top_bumper_12: '019E00'
    l_lower_top_bumper_13: '01FD00'
    l_lower_top_bumper_14: '01EE00'
    l_lower_top_bumper_16: '000000'
    l_right_bottom_bumper_10: '000000'
    l_right_bottom_bumper_11: '000000'
    l_right_bottom_bumper_12: '000000'
    l_right_bottom_bumper_13: '000000'
    l_right_bottom_bumper_14: '000000'
    l_right_bottom_bumper_9: '000000'
    l_right_top_bumper_13: '000000'
    l_right_top_bumper_14: '000000'
    l_right_top_bumper_15: '000000'
    l_right_top_bumper_16: '000000'
    l_shotgun_flasher_4: '01F800'
    l_shotgun_flasher_5: '01FD00'
    l_tape_reel: '000B00'
    l_tape_speaker: '000000'
    l_top_bottom_bumper_10: '000000'
    l_top_bottom_bumper_11: '01FD00'
    l_top_bottom_bumper_12: '01FD00'
    l_top_bottom_bumper_9: '000000'
    l_top_drop2: '000000'
    l_top_drop3: '01FD00'
    
- time: '+1'
  lights:
    l_jw_bathtub: '000000'
    l_jw_candle: '000000'
    l_jw_drill: '01A000'
    l_jw_syringe: '01FD00'
    l_jw_taperecorder: '000000'
    l_left_bottom_bumper_1: '01FD00'
    l_left_bottom_bumper_14: '004C00'
    l_left_bottom_bumper_15: '01FD00'
    l_left_bottom_bumper_16: '01FD00'
    l_left_disc_10: '01FD00'
    l_left_disc_11: '01FD00'
    l_left_disc_5: '001200'
    l_left_disc_6: '01FD00'
    l_left_disc_7: '01FD00'
    l_left_disc_8: '004500'
    l_left_disc_9: '01FD00'
    l_left_top_bumper_4: '01E900'
    l_left_top_bumper_5: '01FD00'
    l_left_top_bumper_6: '01FD00'
    l_left_top_bumper_7: '01FD00'
    l_lower_top_bumper_12: '000000'
    l_lower_top_bumper_13: '000000'
    l_lower_top_bumper_14: '000000'
    l_mystery_scoop: '01F200'
    l_shotgun_flasher_1: '002D00'
    l_shotgun_flasher_4: '000000'
    l_shotgun_flasher_5: '000000'
    l_shotgun_flasher_7: '01FD00'
    l_skill_shot1: '018800'
    l_tape_reel: '000000'
    l_top_bottom_bumper_11: '000000'
    l_top_bottom_bumper_12: '000000'
    l_top_drop3: '000000'
    l_zep_flasher_4: '01FD00'
    l_zep_flasher_5: '01FD00'
    l_zep_flasher_6: '01FD00'
    l_zep_flasher_7: '01FD00'
    l_zep_flasher_8: '000100'
    
- time: '+1'
  lights:
    l_jw_drill: '000000'
    l_jw_gears: '01CB00'
    l_jw_syringe: '000000'
    l_left_bottom_bumper_12: '001E00'
    l_left_bottom_bumper_13: '01FD00'
    l_left_bottom_bumper_14: '01FD00'
    l_left_bottom_bumper_2: '01FD00'
    l_left_bottom_bumper_3: '01FD00'
    l_left_disc_10: '000000'
    l_left_disc_12: '01FD00'
    l_left_disc_4: '01FD00'
    l_left_disc_5: '01FD00'
    l_left_disc_6: '000000'
    l_left_disc_7: '000000'
    l_left_disc_8: '000000'
    l_left_disc_9: '000000'
    l_left_top_bumper_2: '01CD00'
    l_left_top_bumper_3: '01FD00'
    l_left_top_bumper_4: '000000'
    l_left_top_bumper_5: '000000'
    l_left_top_bumper_6: '000000'
    l_left_top_bumper_7: '000000'
    l_left_top_bumper_8: '01FD00'
    l_left_top_bumper_9: '01FD00'
    l_middle_disc_10: '001C00'
    l_mystery_scoop: '01FD00'
    l_right_disc_6: '007D00'
    l_right_disc_7: '01FD00'
    l_right_disc_8: '01FD00'
    l_shotgun_flasher_1: '000000'
    l_shotgun_flasher_7: '000000'
    l_skill_shot1: '000000'
    l_zep_flasher_1: '01FD00'
    l_zep_flasher_2: '01FD00'
    l_zep_flasher_3: '01FD00'
    l_zep_flasher_4: '000000'
    l_zep_flasher_5: '000000'
    l_zep_flasher_6: '000000'
    l_zep_flasher_7: '000000'
    l_zep_flasher_8: '000000'
    
- time: '+1'
  lights:
    l_jw_gears: '000000'
    l_jw_gun: '003E00'
    l_jw_key: '01FD00'
    l_left_bottom_bumper_1: '000000'
    l_left_bottom_bumper_10: '01FD00'
    l_left_bottom_bumper_11: '01FD00'
    l_left_bottom_bumper_12: '01FD00'
    l_left_bottom_bumper_13: '000000'
    l_left_bottom_bumper_14: '000000'
    l_left_bottom_bumper_15: '000000'
    l_left_bottom_bumper_16: '000000'
    l_left_bottom_bumper_2: '000000'
    l_left_bottom_bumper_3: '005000'
    l_left_bottom_bumper_4: '01FD00'
    l_left_bottom_bumper_5: '01FD00'
    l_left_disc_1: '01FD00'
    l_left_disc_11: '000000'
    l_left_disc_2: '01FD00'
    l_left_disc_3: '01FD00'
    l_left_disc_5: '000000'
    l_left_ramp_triangle3: '01FD00'
    l_left_top_bumper_1: '01FD00'
    l_left_top_bumper_10: '01FD00'
    l_left_top_bumper_11: '01FD00'
    l_left_top_bumper_16: '006F00'
    l_left_top_bumper_2: '000000'
    l_left_top_bumper_3: '000000'
    l_left_top_bumper_8: '000000'
    l_left_top_bumper_9: '000000'
    l_middle_disc_10: '01FD00'
    l_middle_disc_11: '01FD00'
    l_middle_disc_12: '01FD00'
    l_middle_disc_13: '001E00'
    l_middle_disc_7: '001800'
    l_middle_disc_8: '01FD00'
    l_middle_disc_9: '01FD00'
    l_mystery_scoop: '000000'
    l_right_disc_10: '003F00'
    l_right_disc_5: '01FD00'
    l_right_disc_6: '01FD00'
    l_right_disc_7: '000000'
    l_right_disc_8: '000400'
    l_right_disc_9: '01FD00'
    l_skill_shot3: '01FD00'
    l_zep_flasher_1: '000000'
    l_zep_flasher_2: '000000'
    l_zep_flasher_3: '000000'
    
- time: '+1'
  lights:
    l_jw_gun: '000000'
    l_jw_key: '000000'
    l_left_bottom_bumper_11: '000000'
    l_left_bottom_bumper_12: '000000'
    l_left_bottom_bumper_3: '000000'
    l_left_bottom_bumper_4: '000000'
    l_left_bottom_bumper_5: '000000'
    l_left_bottom_bumper_6: '01FD00'
    l_left_bottom_bumper_7: '01FD00'
    l_left_bottom_bumper_8: '01FD00'
    l_left_bottom_bumper_9: '01FD00'
    l_left_disc_1: '000000'
    l_left_disc_12: '000000'
    l_left_disc_2: '000000'
    l_left_disc_3: '000000'
    l_left_disc_4: '000000'
    l_left_loop_arrow: '01F100'
    l_left_ramp_triangle3: '000000'
    l_left_top_bumper_1: '000000'
    l_left_top_bumper_10: '000000'
    l_left_top_bumper_11: '000000'
    l_left_top_bumper_13: '01FC00'
    l_left_top_bumper_14: '01FD00'
    l_left_top_bumper_15: '01FB00'
    l_left_top_bumper_16: '000000'
    l_middle_disc_10: '000000'
    l_middle_disc_11: '000000'
    l_middle_disc_12: '000000'
    l_middle_disc_13: '01FD00'
    l_middle_disc_14: '01FC00'
    l_middle_disc_6: '01FD00'
    l_middle_disc_7: '01FD00'
    l_middle_disc_8: '000400'
    l_middle_disc_9: '000000'
    l_right_disc_10: '01FD00'
    l_right_disc_11: '019300'
    l_right_disc_4: '01FD00'
    l_right_disc_5: '000000'
    l_right_disc_6: '000000'
    l_right_disc_8: '000000'
    l_right_disc_9: '000000'
    l_skill_shot2: '01FD00'
    l_skill_shot3: '000000'
    
- time: '+1'
  lights:
    l_drill_flasher_5: '018000'
    l_drill_flasher_6: '01FD00'
    l_drill_flasher_7: '01FD00'
    l_drill_flasher_8: '01FD00'
    l_inner_loop_arrow: '004300'
    l_left_bottom_bumper_10: '000000'
    l_left_bottom_bumper_6: '000000'
    l_left_bottom_bumper_7: '000000'
    l_left_bottom_bumper_8: '000000'
    l_left_bottom_bumper_9: '000000'
    l_left_loop_arrow: '01A000'
    l_left_ramp_triangle1: '018400'
    l_left_top_bumper_13: '000000'
    l_left_top_bumper_14: '000000'
    l_left_top_bumper_15: '000000'
    l_middle_disc_13: '000000'
    l_middle_disc_14: '01FD00'
    l_middle_disc_15: '01FD00'
    l_middle_disc_5: '01FD00'
    l_middle_disc_6: '01CA00'
    l_middle_disc_7: '000000'
    l_middle_disc_8: '000000'
    l_razorwire_flasher_6: '01F900'
    l_razorwire_flasher_7: '01FD00'
    l_razorwire_flasher_8: '01FD00'
    l_right_disc_1: '003A00'
    l_right_disc_10: '000000'
    l_right_disc_11: '01FD00'
    l_right_disc_12: '01FD00'
    l_right_disc_2: '01FC00'
    l_right_disc_3: '01FD00'
    l_right_disc_4: '000000'
    l_right_ramp_triangle1: '01B200'
    l_skill_shot2: '000000'
    
- time: '+1'
  lights:
    l_bear_flasher_6: '01FD00'
    l_bear_flasher_7: '01FD00'
    l_drill_flasher_1: '01FD00'
    l_drill_flasher_2: '000200'
    l_drill_flasher_3: '01B100'
    l_drill_flasher_4: '01FD00'
    l_drill_flasher_5: '01FD00'
    l_drill_flasher_6: '000000'
    l_drill_flasher_7: '000000'
    l_drill_flasher_8: '000000'
    l_inner_loop_arrow: '000000'
    l_left_loop_arrow: '000000'
    l_left_ramp_triangle1: '000000'
    l_left_standup_arrow: '01FD00'
    l_lower_top_bumper_4: '000300'
    l_lower_top_bumper_5: '01C100'
    l_lower_top_bumper_6: '005E00'
    l_middle_disc_1: '019D00'
    l_middle_disc_14: '000000'
    l_middle_disc_15: '000000'
    l_middle_disc_16: '01FD00'
    l_middle_disc_3: '01EA00'
    l_middle_disc_4: '01FD00'
    l_middle_disc_5: '000000'
    l_middle_disc_6: '000000'
    l_mode_scoop: '01FD00'
    l_razorwire_flasher_2: '01FD00'
    l_razorwire_flasher_5: '01FD00'
    l_razorwire_flasher_6: '000000'
    l_razorwire_flasher_7: '000000'
    l_razorwire_flasher_8: '000000'
    l_right_bottom_bumper_1: '01FD00'
    l_right_bottom_bumper_2: '01FD00'
    l_right_bottom_bumper_3: '01FD00'
    l_right_bottom_bumper_4: '01FD00'
    l_right_bottom_bumper_5: '01FD00'
    l_right_bottom_bumper_6: '01FD00'
    l_right_disc_1: '01FD00'
    l_right_disc_11: '000000'
    l_right_disc_12: '000000'
    l_right_disc_2: '01FD00'
    l_right_disc_3: '000000'
    l_right_ramp_triangle1: '000000'
    l_right_standup_arrow: '01FD00'
    l_right_top_bumper_4: '01FD00'
    l_right_top_bumper_5: '01FD00'
    l_right_top_bumper_6: '000100'
    l_right_top_bumper_8: '01FD00'
    l_right_top_bumper_9: '01FC00'
    l_top_bottom_bumper_3: '01A700'
    l_top_bottom_bumper_4: '01D000'
    l_top_bottom_bumper_5: '018900'
    
- time: '+1'
  lights:
    l_bear_flasher_1: '01F100'
    l_bear_flasher_4: '01E500'
    l_bear_flasher_6: '000000'
    l_bear_flasher_7: '000000'
    l_drill_flasher_1: '000000'
    l_drill_flasher_2: '01FD00'
    l_drill_flasher_3: '01FD00'
    l_drill_flasher_4: '000000'
    l_drill_flasher_5: '000000'
    l_left_standup_arrow: '000200'
    l_lower_top_bumper_2: '01FD00'
    l_lower_top_bumper_3: '006100'
    l_lower_top_bumper_4: '000000'
    l_lower_top_bumper_5: '000000'
    l_lower_top_bumper_6: '000000'
    l_lower_top_bumper_8: '01FD00'
    l_middle_disc_1: '01FD00'
    l_middle_disc_16: '000000'
    l_middle_disc_2: '01FD00'
    l_middle_disc_3: '01FD00'
    l_middle_disc_4: '000000'
    l_mode_scoop: '000000'
    l_razorwire_flasher_2: '000000'
    l_razorwire_flasher_5: '000000'
    l_right_bottom_bumper_15: '01FD00'
    l_right_bottom_bumper_16: '01FD00'
    l_right_bottom_bumper_2: '000000'
    l_right_bottom_bumper_3: '000000'
    l_right_bottom_bumper_4: '000000'
    l_right_bottom_bumper_5: '000000'
    l_right_bottom_bumper_7: '01FD00'
    l_right_bottom_bumper_8: '01FD00'
    l_right_disc_1: '000000'
    l_right_disc_2: '000000'
    l_right_loop_arrow: '01FD00'
    l_right_standup_arrow: '000000'
    l_right_top_bumper_11: '01FD00'
    l_right_top_bumper_2: '01FD00'
    l_right_top_bumper_4: '000000'
    l_right_top_bumper_5: '000000'
    l_right_top_bumper_6: '000000'
    l_right_top_bumper_8: '000000'
    l_right_top_bumper_9: '000000'
    l_top_bottom_bumper_1: '01FD00'
    l_top_bottom_bumper_2: '01FD00'
    l_top_bottom_bumper_3: '01FD00'
    l_top_bottom_bumper_4: '01A600'
    l_top_bottom_bumper_5: '01FD00'
    l_top_bottom_bumper_6: '01FD00'
    l_top_bottom_bumper_7: '01FD00'
    l_top_drop1: '01FD00'
    
- time: '+1'
  lights:
    l_bear_flasher_1: '000000'
    l_bear_flasher_4: '000000'
    l_drill_flasher_2: '000000'
    l_drill_flasher_3: '000000'
    l_left_standup_arrow: '000000'
    l_left_standup_right_ramp_arrow: '001900'
    l_lower_top_bumper_10: '01F000'
    l_lower_top_bumper_16: '01FC00'
    l_lower_top_bumper_2: '000000'
    l_lower_top_bumper_3: '000000'
    l_lower_top_bumper_8: '000000'
    l_middle_disc_1: '000000'
    l_middle_disc_2: '000000'
    l_middle_disc_3: '000000'
    l_right_bottom_bumper_1: '000000'
    l_right_bottom_bumper_10: '01FD00'
    l_right_bottom_bumper_11: '01D000'
    l_right_bottom_bumper_12: '01A800'
    l_right_bottom_bumper_13: '01FD00'
    l_right_bottom_bumper_14: '01FD00'
    l_right_bottom_bumper_15: '005600'
    l_right_bottom_bumper_16: '000000'
    l_right_bottom_bumper_6: '000000'
    l_right_bottom_bumper_7: '000000'
    l_right_bottom_bumper_8: '000000'
    l_right_bottom_bumper_9: '01FD00'
    l_right_loop_arrow: '000000'
    l_right_top_bumper_11: '000000'
    l_right_top_bumper_13: '01FD00'
    l_right_top_bumper_14: '01F800'
    l_right_top_bumper_15: '01FD00'
    l_right_top_bumper_16: '01EB00'
    l_right_top_bumper_2: '000000'
    l_top_bottom_bumper_1: '000000'
    l_top_bottom_bumper_2: '000000'
    l_top_bottom_bumper_3: '000000'
    l_top_bottom_bumper_4: '000000'
    l_top_bottom_bumper_5: '000000'
    l_top_bottom_bumper_6: '000000'
    l_top_bottom_bumper_7: '000000'
    l_top_bottom_bumper_8: '01FD00'
    l_top_bottom_bumper_9: '01FD00'
    l_top_drop1: '000000'
    l_top_drop2: '01FD00'
    
- time: '+1'
  lights:
    l_jw_bathtub: '01FD00'
    l_jw_candle: '003B00'
    l_jw_taperecorder: '01FD00'
    l_left_standup_right_ramp_arrow: '000000'
    l_lower_top_bumper_10: '000000'
    l_lower_top_bumper_12: '01E800'
    l_lower_top_bumper_13: '01FD00'
    l_lower_top_bumper_14: '01EF00'
    l_lower_top_bumper_16: '000000'
    l_right_bottom_bumper_10: '000000'
    l_right_bottom_bumper_11: '000000'
    l_right_bottom_bumper_12: '000700'
    l_right_bottom_bumper_13: '000000'
    l_right_bottom_bumper_14: '000000'
    l_right_bottom_bumper_15: '000000'
    l_right_bottom_bumper_9: '000000'
    l_right_top_bumper_13: '000000'
    l_right_top_bumper_14: '000000'
    l_right_top_bumper_15: '000000'
    l_right_top_bumper_16: '000000'
    l_shotgun_flasher_3: '01FD00'
    l_shotgun_flasher_6: '004300'
    l_tape_speaker: '01FD00'
    l_top_bottom_bumper_10: '01FD00'
    l_top_bottom_bumper_11: '01FD00'
    l_top_bottom_bumper_12: '01FD00'
    l_top_bottom_bumper_8: '000000'
    l_top_bottom_bumper_9: '000000'
    l_top_drop2: '000000'
    l_top_drop3: '01FA00'
    
- time: '+1'
  lights:
    l_jw_bathtub: '000000'
    l_jw_candle: '002900'
    l_jw_syringe: '007500'
    l_jw_taperecorder: '000000'
    l_left_top_bumper_5: '01F400'
    l_left_top_bumper_6: '01FD00'
    l_left_top_bumper_7: '000100'
    l_lower_top_bumper_12: '000000'
    l_lower_top_bumper_13: '000000'
    l_lower_top_bumper_14: '000000'
    l_right_bottom_bumper_12: '000000'
    l_shotgun_flasher_1: '01FD00'
    l_shotgun_flasher_3: '000000'
    l_shotgun_flasher_6: '000000'
    l_shotgun_flasher_8: '01FD00'
    l_tape_reel: '01FD00'
    l_tape_speaker: '000000'
    l_top_bottom_bumper_10: '000000'
    l_top_bottom_bumper_11: '000000'
    l_top_bottom_bumper_12: '000000'
    l_top_drop3: '000000'
    l_zep_flasher_4: '019E00'
    l_zep_flasher_5: '01FD00'
    l_zep_flasher_6: '01FD00'
    l_zep_flasher_7: '01FD00'
    
- time: '+1'
  lights:
    l_jw_candle: '000000'
    l_jw_drill: '006500'
    l_jw_syringe: '000000'
    l_left_top_bumper_3: '01FD00'
    l_left_top_bumper_4: '01FD00'
    l_left_top_bumper_5: '000000'
    l_left_top_bumper_6: '000000'
    l_left_top_bumper_7: '000700'
    l_left_top_bumper_8: '01FD00'
    l_left_top_bumper_9: '01FD00'
    l_shotgun_flasher_1: '000000'
    l_shotgun_flasher_8: '000000'
    l_tape_reel: '000000'
    l_zep_flasher_1: '01FD00'
    l_zep_flasher_2: '01FD00'
    l_zep_flasher_3: '01FD00'
    l_zep_flasher_4: '000000'
    l_zep_flasher_5: '000000'
    l_zep_flasher_6: '000000'
    l_zep_flasher_7: '000000'
    l_zep_flasher_8: '01FD00'
    
- time: '+1'
  lights:
    l_jw_drill: '000000'
    l_jw_gears: '001400'
    l_jw_gun: '01F500'
    l_jw_key: '01FD00'
    l_left_ramp_triangle3: '01FD00'
    l_left_top_bumper_1: '01FD00'
    l_left_top_bumper_10: '01FD00'
    l_left_top_bumper_11: '01FD00'
    l_left_top_bumper_2: '019600'
    l_left_top_bumper_3: '000000'
    l_left_top_bumper_4: '000000'
    l_left_top_bumper_7: '000000'
    l_left_top_bumper_8: '000000'
    l_left_top_bumper_9: '000000'
    l_skill_shot3: '002300'
    l_zep_flasher_1: '000000'
    l_zep_flasher_2: '000000'
    l_zep_flasher_3: '000000'
    l_zep_flasher_8: '000000'
    
- time: '+1'
  lights:
    l_jw_gears: '000000'
    l_jw_gun: '000000'
    l_jw_key: '000000'
    l_left_ramp_triangle3: '000000'
    l_left_top_bumper_1: '000000'
    l_left_top_bumper_10: '000000'
    l_left_top_bumper_11: '000000'
    l_left_top_bumper_12: '01EE00'
    l_left_top_bumper_13: '01FD00'
    l_left_top_bumper_14: '01FD00'
    l_left_top_bumper_15: '01FD00'
    l_left_top_bumper_16: '018300'
    l_left_top_bumper_2: '000000'
    l_skill_shot2: '01FD00'
    l_skill_shot3: '000000'
    
- time: '+1'
  lights:
    l_inner_loop_arrow: '01FD00'
    l_left_top_bumper_12: '000000'
    l_left_top_bumper_13: '000000'
    l_left_top_bumper_14: '000000'
    l_left_top_bumper_15: '000000'
    l_left_top_bumper_16: '000000'
    l_razorwire_flasher_7: '01FD00'
    l_razorwire_flasher_8: '01FD00'
    l_right_ramp_triangle1: '003B00'
    l_skill_shot2: '000000'
    
- time: '+1'
  lights:
    l_bear_flasher_6: '01FC00'
    l_bear_flasher_7: '000300'
    l_inner_loop_arrow: '000000'
    l_lower_top_bumper_5: '000100'
    l_razorwire_flasher_2: '01F900'
    l_razorwire_flasher_5: '01FD00'
    l_razorwire_flasher_7: '000000'
    l_razorwire_flasher_8: '000000'
    l_right_ramp_triangle1: '000000'
    l_right_top_bumper_4: '01FD00'
    l_right_top_bumper_5: '01FD00'
    l_right_top_bumper_6: '002600'
    l_right_top_bumper_7: '004800'
    l_right_top_bumper_8: '01FD00'
    l_right_top_bumper_9: '01FB00'
    
- time: '+1'
  lights:
    l_bear_flasher_1: '000700'
    l_bear_flasher_4: '000C00'
    l_bear_flasher_6: '000000'
    l_bear_flasher_7: '000000'
    l_lower_top_bumper_2: '01DB00'
    l_lower_top_bumper_3: '01FD00'
    l_lower_top_bumper_5: '000000'
    l_lower_top_bumper_7: '01A400'
    l_lower_top_bumper_8: '01FD00'
    l_razorwire_flasher_2: '000000'
    l_razorwire_flasher_3: '000900'
    l_razorwire_flasher_5: '000000'
    l_right_loop_arrow: '01F400'
    l_right_top_bumper_11: '01FD00'
    l_right_top_bumper_2: '01FA00'
    l_right_top_bumper_3: '000200'
    l_right_top_bumper_4: '000000'
    l_right_top_bumper_5: '000000'
    l_right_top_bumper_6: '000000'
    l_right_top_bumper_7: '000000'
    l_right_top_bumper_8: '000000'
    l_right_top_bumper_9: '000000'
    l_top_drop1: '01FC00'
    
- time: '+1'
  lights:
    l_bear_flasher_1: '000000'
    l_bear_flasher_2: '01FD00'
    l_bear_flasher_3: '01FD00'
    l_bear_flasher_4: '000000'
    l_left_standup_right_ramp_arrow: '01A300'
    l_lower_top_bumper_1: '005E00'
    l_lower_top_bumper_10: '000F00'
    l_lower_top_bumper_16: '000400'
    l_lower_top_bumper_2: '000000'
    l_lower_top_bumper_3: '000000'
    l_lower_top_bumper_7: '000000'
    l_lower_top_bumper_8: '000000'
    l_lower_top_bumper_9: '000300'
    l_razorwire_flasher_3: '000000'
    l_right_loop_arrow: '000000'
    l_right_top_bumper_1: '000100'
    l_right_top_bumper_11: '000000'
    l_right_top_bumper_13: '01FD00'
    l_right_top_bumper_14: '003800'
    l_right_top_bumper_15: '01C200'
    l_right_top_bumper_16: '01FD00'
    l_right_top_bumper_2: '000000'
    l_right_top_bumper_3: '000000'
    l_top_drop1: '000000'
    l_top_drop2: '01FD00'
    
- time: '+1'
  lights:
    l_bear_flasher_2: '000000'
    l_bear_flasher_3: '000000'
    l_left_standup_right_ramp_arrow: '000000'
    l_lower_top_bumper_1: '000000'
    l_lower_top_bumper_10: '000000'
    l_lower_top_bumper_12: '01FD00'
    l_lower_top_bumper_13: '01FC00'
    l_lower_top_bumper_14: '01FD00'
    l_lower_top_bumper_15: '000400'
    l_lower_top_bumper_16: '000000'
    l_lower_top_bumper_9: '000000'
    l_right_top_bumper_1: '000000'
    l_right_top_bumper_13: '000000'
    l_right_top_bumper_14: '000000'
    l_right_top_bumper_15: '000000'
    l_right_top_bumper_16: '000000'
    l_shotgun_flasher_3: '01FD00'
    l_shotgun_flasher_6: '01FD00'
    l_top_drop2: '000000'
    l_top_drop3: '01FD00'
    
- time: '+1'
  lights:
    l_lower_top_bumper_12: '000000'
    l_lower_top_bumper_13: '000000'
    l_lower_top_bumper_14: '000000'
    l_lower_top_bumper_15: '000000'
    l_shotgun_flasher_1: '01FD00'
    l_shotgun_flasher_3: '000000'
    l_shotgun_flasher_6: '000000'
    l_shotgun_flasher_8: '01FD00'
    l_top_drop3: '000000'
    
- time: '+1'
  lights:
    l_shotgun_flasher_1: '000000'
    l_shotgun_flasher_8: '000000'
    l_top_drop_triangle: '000300'
    
- time: '+1'
  lights:
    l_top_drop_triangle: '000000'
    
#No change this frame - take another step
#  lights:
- time: '+1'
    
#No change this frame - take another step
#  lights:
- time: '+1'
    
#No change this frame - take another step
#  lights:
- time: '+1'
    
#No change this frame - take another step
#  lights:
- time: '+1'
    
#No change this frame - take another step
#  lights:
- time: '+1'
    
#No change this frame - take another step
#  lights:
- time: '+1'
    
#No change this frame - take another step
#  lights:
- time: '+1'
    
#No change this frame - take another step
#  lights:
- time: '+1'
    
#No change this frame - take another step
#  lights:
- time: '+1'
    
